
Microsoft Visual Studio Solution File, Format Version 12.00
# Visual Studio Version 17
VisualStudioVersion = 17.1.32210.238
MinimumVisualStudioVersion = 10.0.40219.1
Project("{FAE04EC0-301F-11D3-BF4B-00C04F79EFBC}") = "Day65AplDemo", "Day65AplDemo\Day65AplDemo.csproj", "{3990A4FC-1A3E-4994-B82A-4503CBCAF35C}"
EndProject
Global
	GlobalSection(SolutionConfigurationPlatforms) = preSolution
		Debug|Any CPU = Debug|Any CPU
		Release|Any CPU = Release|Any CPU
	EndGlobalSection
	GlobalSection(ProjectConfigurationPlatforms) = postSolution
		{3990A4FC-1A3E-4994-B82A-4503CBCAF35C}.Debug|Any CPU.ActiveCfg = Debug|Any CPU
		{3990A4FC-1A3E-4994-B82A-4503CBCAF35C}.Debug|Any CPU.Build.0 = Debug|Any CPU
		{3990A4FC-1A3E-4994-B82A-4503CBCAF35C}.Release|Any CPU.ActiveCfg = Release|Any CPU
		{3990A4FC-1A3E-4994-B82A-4503CBCAF35C}.Release|Any CPU.Build.0 = Release|Any CPU
	EndGlobalSection
	GlobalSection(SolutionProperties) = preSolution
		HideSolutionNode = FALSE
	EndGlobalSection
	GlobalSection(ExtensibilityGlobals) = postSolution
		SolutionGuid = {1D467893-949E-49B7-9918-51F5DA865311}
	EndGlobalSection
EndGlobal
